
Microsoft Visual Studio Solution File, Format Version 12.00
# Visual Studio Version 17
VisualStudioVersion = 17.6.33815.320
MinimumVisualStudioVersion = 10.0.40219.1
Project("{FAE04EC0-301F-11D3-BF4B-00C04F79EFBC}") = "WindowService", "WindowService\WindowService.csproj", "{539C136F-224F-4D83-998A-AEAAA7947073}"
EndProject
Global
	GlobalSection(SolutionConfigurationPlatforms) = preSolution
		Debug|Any CPU = Debug|Any CPU
		Release|Any CPU = Release|Any CPU
	EndGlobalSection
	GlobalSection(ProjectConfigurationPlatforms) = postSolution
		{539C136F-224F-4D83-998A-AEAAA7947073}.Debug|Any CPU.ActiveCfg = Debug|Any CPU
		{539C136F-224F-4D83-998A-AEAAA7947073}.Debug|Any CPU.Build.0 = Debug|Any CPU
		{539C136F-224F-4D83-998A-AEAAA7947073}.Release|Any CPU.ActiveCfg = Release|Any CPU
		{539C136F-224F-4D83-998A-AEAAA7947073}.Release|Any CPU.Build.0 = Release|Any CPU
	EndGlobalSection
	GlobalSection(SolutionProperties) = preSolution
		HideSolutionNode = FALSE
	EndGlobalSection
	GlobalSection(ExtensibilityGlobals) = postSolution
		SolutionGuid = {67EE8CF6-062E-4607-B355-51139931154F}
	EndGlobalSection
EndGlobal
