
Microsoft Visual Studio Solution File, Format Version 12.00
# Visual Studio Version 17
VisualStudioVersion = 17.6.33815.320
MinimumVisualStudioVersion = 10.0.40219.1
Project("{FAE04EC0-301F-11D3-BF4B-00C04F79EFBC}") = "StudentManagementSQL", "StudentManagementSQL\StudentManagementSQL.csproj", "{58D3DD3D-434A-4A27-A363-F4C14DBB0FFD}"
EndProject
Global
	GlobalSection(SolutionConfigurationPlatforms) = preSolution
		Debug|Any CPU = Debug|Any CPU
		Release|Any CPU = Release|Any CPU
	EndGlobalSection
	GlobalSection(ProjectConfigurationPlatforms) = postSolution
		{58D3DD3D-434A-4A27-A363-F4C14DBB0FFD}.Debug|Any CPU.ActiveCfg = Debug|Any CPU
		{58D3DD3D-434A-4A27-A363-F4C14DBB0FFD}.Debug|Any CPU.Build.0 = Debug|Any CPU
		{58D3DD3D-434A-4A27-A363-F4C14DBB0FFD}.Release|Any CPU.ActiveCfg = Release|Any CPU
		{58D3DD3D-434A-4A27-A363-F4C14DBB0FFD}.Release|Any CPU.Build.0 = Release|Any CPU
	EndGlobalSection
	GlobalSection(SolutionProperties) = preSolution
		HideSolutionNode = FALSE
	EndGlobalSection
	GlobalSection(ExtensibilityGlobals) = postSolution
		SolutionGuid = {B6A8463D-B05B-4E97-AD34-44FDCF27191C}
	EndGlobalSection
EndGlobal
